
Microsoft Visual Studio Solution File, Format Version 12.00
# Visual Studio Version 17
VisualStudioVersion = 17.9.34622.214
MinimumVisualStudioVersion = 10.0.40219.1
Project("{FAE04EC0-301F-11D3-BF4B-00C04F79EFBC}") = "Reserva_de_Vehiculo", "Reserva_de_Vehiculo.csproj", "{9A546662-61FC-4D2D-8BC8-78DF861625B4}"
EndProject
Global
	GlobalSection(SolutionConfigurationPlatforms) = preSolution
		Debug|Any CPU = Debug|Any CPU
		Release|Any CPU = Release|Any CPU
	EndGlobalSection
	GlobalSection(ProjectConfigurationPlatforms) = postSolution
		{9A546662-61FC-4D2D-8BC8-78DF861625B4}.Debug|Any CPU.ActiveCfg = Debug|Any CPU
		{9A546662-61FC-4D2D-8BC8-78DF861625B4}.Debug|Any CPU.Build.0 = Debug|Any CPU
		{9A546662-61FC-4D2D-8BC8-78DF861625B4}.Release|Any CPU.ActiveCfg = Release|Any CPU
		{9A546662-61FC-4D2D-8BC8-78DF861625B4}.Release|Any CPU.Build.0 = Release|Any CPU
	EndGlobalSection
	GlobalSection(SolutionProperties) = preSolution
		HideSolutionNode = FALSE
	EndGlobalSection
	GlobalSection(ExtensibilityGlobals) = postSolution
		SolutionGuid = {29BE3BA1-16DE-4FE8-B7E9-18E37A228C9A}
	EndGlobalSection
EndGlobal
